
Microsoft Visual Studio Solution File, Format Version 12.00
# Visual Studio Version 17
VisualStudioVersion = 17.7.34202.233
MinimumVisualStudioVersion = 10.0.40219.1
Project("{9A19103F-16F7-4668-BE54-9A1E7A4F7556}") = "TravelApp", "TravelApp\TravelApp.csproj", "{2C345489-3F90-4B5E-A98B-AEA3C2692B50}"
EndProject
Project("{FAE04EC0-301F-11D3-BF4B-00C04F79EFBC}") = "WebScrapper", "..\WebScrapper\WebScrapper.csproj", "{77E30429-E750-46C3-8889-EE04DDC7FF98}"
EndProject
Global
	GlobalSection(SolutionConfigurationPlatforms) = preSolution
		Debug|Any CPU = Debug|Any CPU
		Release|Any CPU = Release|Any CPU
	EndGlobalSection
	GlobalSection(ProjectConfigurationPlatforms) = postSolution
		{2C345489-3F90-4B5E-A98B-AEA3C2692B50}.Debug|Any CPU.ActiveCfg = Debug|Any CPU
		{2C345489-3F90-4B5E-A98B-AEA3C2692B50}.Debug|Any CPU.Build.0 = Debug|Any CPU
		{2C345489-3F90-4B5E-A98B-AEA3C2692B50}.Release|Any CPU.ActiveCfg = Release|Any CPU
		{2C345489-3F90-4B5E-A98B-AEA3C2692B50}.Release|Any CPU.Build.0 = Release|Any CPU
		{77E30429-E750-46C3-8889-EE04DDC7FF98}.Debug|Any CPU.ActiveCfg = Debug|Any CPU
		{77E30429-E750-46C3-8889-EE04DDC7FF98}.Debug|Any CPU.Build.0 = Debug|Any CPU
		{77E30429-E750-46C3-8889-EE04DDC7FF98}.Release|Any CPU.ActiveCfg = Release|Any CPU
		{77E30429-E750-46C3-8889-EE04DDC7FF98}.Release|Any CPU.Build.0 = Release|Any CPU
	EndGlobalSection
	GlobalSection(SolutionProperties) = preSolution
		HideSolutionNode = FALSE
	EndGlobalSection
	GlobalSection(ExtensibilityGlobals) = postSolution
		SolutionGuid = {8F094CDE-F381-437C-BAD6-299999AD515D}
	EndGlobalSection
EndGlobal
